
Microsoft Visual Studio Solution File, Format Version 12.00
# Visual Studio Version 17
VisualStudioVersion = 17.13.35931.197 d17.13
MinimumVisualStudioVersion = 10.0.40219.1
Project("{FAE04EC0-301F-11D3-BF4B-00C04F79EFBC}") = "Paintball", "Paintball.csproj", "{81CE6418-135A-43FE-9655-AF16053D1A8F}"
EndProject
Global
	GlobalSection(SolutionConfigurationPlatforms) = preSolution
		Debug|Any CPU = Debug|Any CPU
		Release|Any CPU = Release|Any CPU
	EndGlobalSection
	GlobalSection(ProjectConfigurationPlatforms) = postSolution
		{81CE6418-135A-43FE-9655-AF16053D1A8F}.Debug|Any CPU.ActiveCfg = Debug|Any CPU
		{81CE6418-135A-43FE-9655-AF16053D1A8F}.Debug|Any CPU.Build.0 = Debug|Any CPU
		{81CE6418-135A-43FE-9655-AF16053D1A8F}.Release|Any CPU.ActiveCfg = Release|Any CPU
		{81CE6418-135A-43FE-9655-AF16053D1A8F}.Release|Any CPU.Build.0 = Release|Any CPU
	EndGlobalSection
	GlobalSection(SolutionProperties) = preSolution
		HideSolutionNode = FALSE
	EndGlobalSection
	GlobalSection(ExtensibilityGlobals) = postSolution
		SolutionGuid = {0ABB8CA0-7D5D-4163-80E1-F75A19FE806F}
	EndGlobalSection
EndGlobal
