Microsoft Visual Studio Solution File, Format Version 12.00
# Visual Studio Version 17
VisualStudioVersion = 17.5.2.0
MinimumVisualStudioVersion = 10.0.40219.1
Project("{FAE04EC0-301F-11D3-BF4B-00C04F79EFBC}") = "EstoqueAPI", "EstoqueAPI\EstoqueAPI.csproj", "{4EB9E6F3-D761-56F5-81EE-0D59C239E7FA}"
EndProject
Global
	GlobalSection(SolutionConfigurationPlatforms) = preSolution
		Debug|Any CPU = Debug|Any CPU
		Release|Any CPU = Release|Any CPU
	EndGlobalSection
	GlobalSection(ProjectConfigurationPlatforms) = postSolution
		{4EB9E6F3-D761-56F5-81EE-0D59C239E7FA}.Debug|Any CPU.ActiveCfg = Debug|Any CPU
		{4EB9E6F3-D761-56F5-81EE-0D59C239E7FA}.Debug|Any CPU.Build.0 = Debug|Any CPU
		{4EB9E6F3-D761-56F5-81EE-0D59C239E7FA}.Release|Any CPU.ActiveCfg = Release|Any CPU
		{4EB9E6F3-D761-56F5-81EE-0D59C239E7FA}.Release|Any CPU.Build.0 = Release|Any CPU
	EndGlobalSection
	GlobalSection(SolutionProperties) = preSolution
		HideSolutionNode = FALSE
	EndGlobalSection
	GlobalSection(ExtensibilityGlobals) = postSolution
		SolutionGuid = {C2B5DDD5-32F2-4A8F-8FED-2299E9081AF9}
	EndGlobalSection
EndGlobal
